
Microsoft Visual Studio Solution File, Format Version 12.00
# Visual Studio Version 16
VisualStudioVersion = 16.0.30011.22
MinimumVisualStudioVersion = 10.0.40219.1
Project("{FAE04EC0-301F-11D3-BF4B-00C04F79EFBC}") = "AppEmpleados", "AppEmpleados.csproj", "{F560610E-5412-48E6-AD7C-8CDC44F7B3E8}"
EndProject
Global
	GlobalSection(SolutionConfigurationPlatforms) = preSolution
		Debug|Any CPU = Debug|Any CPU
		Release|Any CPU = Release|Any CPU
	EndGlobalSection
	GlobalSection(ProjectConfigurationPlatforms) = postSolution
		{F560610E-5412-48E6-AD7C-8CDC44F7B3E8}.Debug|Any CPU.ActiveCfg = Debug|Any CPU
		{F560610E-5412-48E6-AD7C-8CDC44F7B3E8}.Debug|Any CPU.Build.0 = Debug|Any CPU
		{F560610E-5412-48E6-AD7C-8CDC44F7B3E8}.Release|Any CPU.ActiveCfg = Release|Any CPU
		{F560610E-5412-48E6-AD7C-8CDC44F7B3E8}.Release|Any CPU.Build.0 = Release|Any CPU
	EndGlobalSection
	GlobalSection(SolutionProperties) = preSolution
		HideSolutionNode = FALSE
	EndGlobalSection
	GlobalSection(ExtensibilityGlobals) = postSolution
		SolutionGuid = {AC0D2556-A0FA-4869-8517-8F5407E5DCF9}
	EndGlobalSection
EndGlobal
